// !$*UTF8*$!
{
	archiveVersion = 1;
	classes = {
	};
	objectVersion = 46;
	objects = {

/* Begin PBXBuildFile section */
		AA2557D71CD0FF3A0085836C /* main.m in Sources */ = {isa = PBXBuildFile; fileRef = AA2557D61CD0FF3A0085836C /* main.m */; };
		AA2557DA1CD0FF3A0085836C /* AppDelegate.m in Sources */ = {isa = PBXBuildFile; fileRef = AA2557D91CD0FF3A0085836C /* AppDelegate.m */; };
		AA2557DD1CD0FF3A0085836C /* ViewController.m in Sources */ = {isa = PBXBuildFile; fileRef = AA2557DC1CD0FF3A0085836C /* ViewController.m */; };
		AA2557E01CD0FF3A0085836C /* Main.storyboard in Resources */ = {isa = PBXBuildFile; fileRef = AA2557DE1CD0FF3A0085836C /* Main.storyboard */; };
		AA2557E21CD0FF3A0085836C /* Assets.xcassets in Resources */ = {isa = PBXBuildFile; fileRef = AA2557E11CD0FF3A0085836C /* Assets.xcassets */; };
		AA2557E51CD0FF3A0085836C /* LaunchScreen.storyboard in Resources */ = {isa = PBXBuildFile; fileRef = AA2557E31CD0FF3A0085836C /* LaunchScreen.storyboard */; };
		AA2557EE1CD101260085836C /* DetailViewController.m in Sources */ = {isa = PBXBuildFile; fileRef = AA2557ED1CD101260085836C /* DetailViewController.m */; };
		AA2557F11CD102B80085836C /* NetManager.m in Sources */ = {isa = PBXBuildFile; fileRef = AA2557F01CD102B80085836C /* NetManager.m */; };
		AA2557F51CD106AB0085836C /* FilmsTableViewCell.m in Sources */ = {isa = PBXBuildFile; fileRef = AA2557F31CD106AB0085836C /* FilmsTableViewCell.m */; };
		AA2557F61CD106AB0085836C /* FilmsTableViewCell.xib in Resources */ = {isa = PBXBuildFile; fileRef = AA2557F41CD106AB0085836C /* FilmsTableViewCell.xib */; };
		AA2557F91CD10A750085836C /* Film.m in Sources */ = {isa = PBXBuildFile; fileRef = AA2557F81CD10A750085836C /* Film.m */; };
		E928E344D3A24C7C6783E040 /* libPods.a in Frameworks */ = {isa = PBXBuildFile; fileRef = 9714A66A325A9BD59BEC7260 /* libPods.a */; };
/* End PBXBuildFile section */

/* Begin PBXFileReference section */
		53CD6597CE7DBEE54F5C7F13 /* Pods.release.xcconfig */ = {isa = PBXFileReference; includeInIndex = 1; lastKnownFileType = text.xcconfig; name = Pods.release.xcconfig; path = "Pods/Target Support Files/Pods/Pods.release.xcconfig"; sourceTree = "<group>"; };
		9714A66A325A9BD59BEC7260 /* libPods.a */ = {isa = PBXFileReference; explicitFileType = archive.ar; includeInIndex = 0; path = libPods.a; sourceTree = BUILT_PRODUCTS_DIR; };
		AA2557D21CD0FF3A0085836C /* Lesson20.app */ = {isa = PBXFileReference; explicitFileType = wrapper.application; includeInIndex = 0; path = Lesson20.app; sourceTree = BUILT_PRODUCTS_DIR; };
		AA2557D61CD0FF3A0085836C /* main.m */ = {isa = PBXFileReference; lastKnownFileType = sourcecode.c.objc; path = main.m; sourceTree = "<group>"; };
		AA2557D81CD0FF3A0085836C /* AppDelegate.h */ = {isa = PBXFileReference; lastKnownFileType = sourcecode.c.h; path = AppDelegate.h; sourceTree = "<group>"; };
		AA2557D91CD0FF3A0085836C /* AppDelegate.m */ = {isa = PBXFileReference; lastKnownFileType = sourcecode.c.objc; path = AppDelegate.m; sourceTree = "<group>"; };
		AA2557DB1CD0FF3A0085836C /* ViewController.h */ = {isa = PBXFileReference; lastKnownFileType = sourcecode.c.h; path = ViewController.h; sourceTree = "<group>"; };
		AA2557DC1CD0FF3A0085836C /* ViewController.m */ = {isa = PBXFileReference; lastKnownFileType = sourcecode.c.objc; path = ViewController.m; sourceTree = "<group>"; };
		AA2557DF1CD0FF3A0085836C /* Base */ = {isa = PBXFileReference; lastKnownFileType = file.storyboard; name = Base; path = Base.lproj/Main.storyboard; sourceTree = "<group>"; };
		AA2557E11CD0FF3A0085836C /* Assets.xcassets */ = {isa = PBXFileReference; lastKnownFileType = folder.assetcatalog; path = Assets.xcassets; sourceTree = "<group>"; };
		AA2557E41CD0FF3A0085836C /* Base */ = {isa = PBXFileReference; lastKnownFileType = file.storyboard; name = Base; path = Base.lproj/LaunchScreen.storyboard; sourceTree = "<group>"; };
		AA2557E61CD0FF3A0085836C /* Info.plist */ = {isa = PBXFileReference; lastKnownFileType = text.plist.xml; path = Info.plist; sourceTree = "<group>"; };
		AA2557EC1CD101260085836C /* DetailViewController.h */ = {isa = PBXFileReference; fileEncoding = 4; lastKnownFileType = sourcecode.c.h; path = DetailViewController.h; sourceTree = "<group>"; };
		AA2557ED1CD101260085836C /* DetailViewController.m */ = {isa = PBXFileReference; fileEncoding = 4; lastKnownFileType = sourcecode.c.objc; path = DetailViewController.m; sourceTree = "<group>"; };
		AA2557EF1CD102B80085836C /* NetManager.h */ = {isa = PBXFileReference; fileEncoding = 4; lastKnownFileType = sourcecode.c.h; path = NetManager.h; sourceTree = "<group>"; };
		AA2557F01CD102B80085836C /* NetManager.m */ = {isa = PBXFileReference; fileEncoding = 4; lastKnownFileType = sourcecode.c.objc; path = NetManager.m; sourceTree = "<group>"; };
		AA2557F21CD106AB0085836C /* FilmsTableViewCell.h */ = {isa = PBXFileReference; fileEncoding = 4; lastKnownFileType = sourcecode.c.h; path = FilmsTableViewCell.h; sourceTree = "<group>"; };
		AA2557F31CD106AB0085836C /* FilmsTableViewCell.m */ = {isa = PBXFileReference; fileEncoding = 4; lastKnownFileType = sourcecode.c.objc; path = FilmsTableViewCell.m; sourceTree = "<group>"; };
		AA2557F41CD106AB0085836C /* FilmsTableViewCell.xib */ = {isa = PBXFileReference; fileEncoding = 4; lastKnownFileType = file.xib; path = FilmsTableViewCell.xib; sourceTree = "<group>"; };
		AA2557F71CD10A750085836C /* Film.h */ = {isa = PBXFileReference; fileEncoding = 4; lastKnownFileType = sourcecode.c.h; name = Film.h; path = ../Film.h; sourceTree = "<group>"; };
		AA2557F81CD10A750085836C /* Film.m */ = {isa = PBXFileReference; fileEncoding = 4; lastKnownFileType = sourcecode.c.objc; name = Film.m; path = ../Film.m; sourceTree = "<group>"; };
		C1F34E95972618A100292669 /* Pods.debug.xcconfig */ = {isa = PBXFileReference; includeInIndex = 1; lastKnownFileType = text.xcconfig; name = Pods.debug.xcconfig; path = "Pods/Target Support Files/Pods/Pods.debug.xcconfig"; sourceTree = "<group>"; };
/* End PBXFileReference section */

/* Begin PBXFrameworksBuildPhase section */
		AA2557CF1CD0FF3A0085836C /* Frameworks */ = {
			isa = PBXFrameworksBuildPhase;
			buildActionMask = 2147483647;
			files = (
				E928E344D3A24C7C6783E040 /* libPods.a in Frameworks */,
			);
			runOnlyForDeploymentPostprocessing = 0;
		};
/* End PBXFrameworksBuildPhase section */

/* Begin PBXGroup section */
		1464E63E6AEE28BCBFB67086 /* Frameworks */ = {
			isa = PBXGroup;
			children = (
				9714A66A325A9BD59BEC7260 /* libPods.a */,
			);
			name = Frameworks;
			sourceTree = "<group>";
		};
		5A4F0337AFC3DADBB5CD3C5E /* Pods */ = {
			isa = PBXGroup;
			children = (
				C1F34E95972618A100292669 /* Pods.debug.xcconfig */,
				53CD6597CE7DBEE54F5C7F13 /* Pods.release.xcconfig */,
			);
			name = Pods;
			sourceTree = "<group>";
		};
		AA2557C91CD0FF3A0085836C = {
			isa = PBXGroup;
			children = (
				AA2557D41CD0FF3A0085836C /* Lesson20 */,
				AA2557D31CD0FF3A0085836C /* Products */,
				5A4F0337AFC3DADBB5CD3C5E /* Pods */,
				1464E63E6AEE28BCBFB67086 /* Frameworks */,
			);
			sourceTree = "<group>";
		};
		AA2557D31CD0FF3A0085836C /* Products */ = {
			isa = PBXGroup;
			children = (
				AA2557D21CD0FF3A0085836C /* Lesson20.app */,
			);
			name = Products;
			sourceTree = "<group>";
		};
		AA2557D41CD0FF3A0085836C /* Lesson20 */ = {
			isa = PBXGroup;
			children = (
				AA2557F71CD10A750085836C /* Film.h */,
				AA2557F81CD10A750085836C /* Film.m */,
				AA2557D81CD0FF3A0085836C /* AppDelegate.h */,
				AA2557D91CD0FF3A0085836C /* AppDelegate.m */,
				AA2557DB1CD0FF3A0085836C /* ViewController.h */,
				AA2557DC1CD0FF3A0085836C /* ViewController.m */,
				AA2557DE1CD0FF3A0085836C /* Main.storyboard */,
				AA2557E11CD0FF3A0085836C /* Assets.xcassets */,
				AA2557E31CD0FF3A0085836C /* LaunchScreen.storyboard */,
				AA2557E61CD0FF3A0085836C /* Info.plist */,
				AA2557D51CD0FF3A0085836C /* Supporting Files */,
				AA2557EC1CD101260085836C /* DetailViewController.h */,
				AA2557ED1CD101260085836C /* DetailViewController.m */,
				AA2557EF1CD102B80085836C /* NetManager.h */,
				AA2557F01CD102B80085836C /* NetManager.m */,
				AA2557F21CD106AB0085836C /* FilmsTableViewCell.h */,
				AA2557F31CD106AB0085836C /* FilmsTableViewCell.m */,
				AA2557F41CD106AB0085836C /* FilmsTableViewCell.xib */,
			);
			path = Lesson20;
			sourceTree = "<group>";
		};
		AA2557D51CD0FF3A0085836C /* Supporting Files */ = {
			isa = PBXGroup;
			children = (
				AA2557D61CD0FF3A0085836C /* main.m */,
			);
			name = "Supporting Files";
			sourceTree = "<group>";
		};
/* End PBXGroup section */

/* Begin PBXNativeTarget section */
		AA2557D11CD0FF3A0085836C /* Lesson20 */ = {
			isa = PBXNativeTarget;
			buildConfigurationList = AA2557E91CD0FF3A0085836C /* Build configuration list for PBXNativeTarget "Lesson20" */;
			buildPhases = (
				35185BF72085ED99F77833F9 /* Check Pods Manifest.lock */,
				AA2557CE1CD0FF3A0085836C /* Sources */,
				AA2557CF1CD0FF3A0085836C /* Frameworks */,
				AA2557D01CD0FF3A0085836C /* Resources */,
				FCAF9372F095E6DA4EB5F759 /* Embed Pods Frameworks */,
				1E1A3090F60603283FD73924 /* Copy Pods Resources */,
			);
			buildRules = (
			);
			dependencies = (
			);
			name = Lesson20;
			productName = Lesson20;
			productReference = AA2557D21CD0FF3A0085836C /* Lesson20.app */;
			productType = "com.apple.product-type.application";
		};
/* End PBXNativeTarget section */

/* Begin PBXProject section */
		AA2557CA1CD0FF3A0085836C /* Project object */ = {
			isa = PBXProject;
			attributes = {
				LastUpgradeCheck = 0730;
				ORGANIZATIONNAME = "Azat Almeev";
				TargetAttributes = {
					AA2557D11CD0FF3A0085836C = {
						CreatedOnToolsVersion = 7.3;
					};
				};
			};
			buildConfigurationList = AA2557CD1CD0FF3A0085836C /* Build configuration list for PBXProject "Lesson20" */;
			compatibilityVersion = "Xcode 3.2";
			developmentRegion = English;
			hasScannedForEncodings = 0;
			knownRegions = (
				en,
				Base,
			);
			mainGroup = AA2557C91CD0FF3A0085836C;
			productRefGroup = AA2557D31CD0FF3A0085836C /* Products */;
			projectDirPath = "";
			projectRoot = "";
			targets = (
				AA2557D11CD0FF3A0085836C /* Lesson20 */,
			);
		};
/* End PBXProject section */

/* Begin PBXResourcesBuildPhase section */
		AA2557D01CD0FF3A0085836C /* Resources */ = {
			isa = PBXResourcesBuildPhase;
			buildActionMask = 2147483647;
			files = (
				AA2557E51CD0FF3A0085836C /* LaunchScreen.storyboard in Resources */,
				AA2557F61CD106AB0085836C /* FilmsTableViewCell.xib in Resources */,
				AA2557E21CD0FF3A0085836C /* Assets.xcassets in Resources */,
				AA2557E01CD0FF3A0085836C /* Main.storyboard in Resources */,
			);
			runOnlyForDeploymentPostprocessing = 0;
		};
/* End PBXResourcesBuildPhase section */

/* Begin PBXShellScriptBuildPhase section */
		1E1A3090F60603283FD73924 /* Copy Pods Resources */ = {
			isa = PBXShellScriptBuildPhase;
			buildActionMask = 2147483647;
			files = (
			);
			inputPaths = (
			);
			name = "Copy Pods Resources";
			outputPaths = (
			);
			runOnlyForDeploymentPostprocessing = 0;
			shellPath = /bin/sh;
			shellScript = "\"${SRCROOT}/Pods/Target Support Files/Pods/Pods-resources.sh\"\n";
			showEnvVarsInLog = 0;
		};
		35185BF72085ED99F77833F9 /* Check Pods Manifest.lock */ = {
			isa = PBXShellScriptBuildPhase;
			buildActionMask = 2147483647;
			files = (
			);
			inputPaths = (
			);
			name = "Check Pods Manifest.lock";
			outputPaths = (
			);
			runOnlyForDeploymentPostprocessing = 0;
			shellPath = /bin/sh;
			shellScript = "diff \"${PODS_ROOT}/../Podfile.lock\" \"${PODS_ROOT}/Manifest.lock\" > /dev/null\nif [[ $? != 0 ]] ; then\n    cat << EOM\nerror: The sandbox is not in sync with the Podfile.lock. Run 'pod install' or update your CocoaPods installation.\nEOM\n    exit 1\nfi\n";
			showEnvVarsInLog = 0;
		};
		FCAF9372F095E6DA4EB5F759 /* Embed Pods Frameworks */ = {
			isa = PBXShellScriptBuildPhase;
			buildActionMask = 2147483647;
			files = (
			);
			inputPaths = (
			);
			name = "Embed Pods Frameworks";
			outputPaths = (
			);
			runOnlyForDeploymentPostprocessing = 0;
			shellPath = /bin/sh;
			shellScript = "\"${SRCROOT}/Pods/Target Support Files/Pods/Pods-frameworks.sh\"\n";
			showEnvVarsInLog = 0;
		};
/* End PBXShellScriptBuildPhase section */

/* Begin PBXSourcesBuildPhase section */
		AA2557CE1CD0FF3A0085836C /* Sources */ = {
			isa = PBXSourcesBuildPhase;
			buildActionMask = 2147483647;
			files = (
				AA2557DD1CD0FF3A0085836C /* ViewController.m in Sources */,
				AA2557F51CD106AB0085836C /* FilmsTableViewCell.m in Sources */,
				AA2557F11CD102B80085836C /* NetManager.m in Sources */,
				AA2557DA1CD0FF3A0085836C /* AppDelegate.m in Sources */,
				AA2557D71CD0FF3A0085836C /* main.m in Sources */,
				AA2557EE1CD101260085836C /* DetailViewController.m in Sources */,
				AA2557F91CD10A750085836C /* Film.m in Sources */,
			);
			runOnlyForDeploymentPostprocessing = 0;
		};
/* End PBXSourcesBuildPhase section */

/* Begin PBXVariantGroup section */
		AA2557DE1CD0FF3A0085836C /* Main.storyboard */ = {
			isa = PBXVariantGroup;
			children = (
				AA2557DF1CD0FF3A0085836C /* Base */,
			);
			name = Main.storyboard;
			sourceTree = "<group>";
		};
		AA2557E31CD0FF3A0085836C /* LaunchScreen.storyboard */ = {
			isa = PBXVariantGroup;
			children = (
				AA2557E41CD0FF3A0085836C /* Base */,
			);
			name = LaunchScreen.storyboard;
			sourceTree = "<group>";
		};
/* End PBXVariantGroup section */

/* Begin XCBuildConfiguration section */
		AA2557E71CD0FF3A0085836C /* Debug */ = {
			isa = XCBuildConfiguration;
			buildSettings = {
				ALWAYS_SEARCH_USER_PATHS = NO;
				CLANG_ANALYZER_NONNULL = YES;
				CLANG_CXX_LANGUAGE_STANDARD = "gnu++0x";
				CLANG_CXX_LIBRARY = "libc++";
				CLANG_ENABLE_MODULES = YES;
				CLANG_ENABLE_OBJC_ARC = YES;
				CLANG_WARN_BOOL_CONVERSION = YES;
				CLANG_WARN_CONSTANT_CONVERSION = YES;
				CLANG_WARN_DIRECT_OBJC_ISA_USAGE = YES_ERROR;
				CLANG_WARN_EMPTY_BODY = YES;
				CLANG_WARN_ENUM_CONVERSION = YES;
				CLANG_WARN_INT_CONVERSION = YES;
				CLANG_WARN_OBJC_ROOT_CLASS = YES_ERROR;
				CLANG_WARN_UNREACHABLE_CODE = YES;
				CLANG_WARN__DUPLICATE_METHOD_MATCH = YES;
				"CODE_SIGN_IDENTITY[sdk=iphoneos*]" = "iPhone Developer";
				COPY_PHASE_STRIP = NO;
				DEBUG_INFORMATION_FORMAT = dwarf;
				ENABLE_STRICT_OBJC_MSGSEND = YES;
				ENABLE_TESTABILITY = YES;
				GCC_C_LANGUAGE_STANDARD = gnu99;
				GCC_DYNAMIC_NO_PIC = NO;
				GCC_NO_COMMON_BLOCKS = YES;
				GCC_OPTIMIZATION_LEVEL = 0;
				GCC_PREPROCESSOR_DEFINITIONS = (
					"DEBUG=1",
					"$(inherited)",
				);
				GCC_WARN_64_TO_32_BIT_CONVERSION = YES;
				GCC_WARN_ABOUT_RETURN_TYPE = YES_ERROR;
				GCC_WARN_UNDECLARED_SELECTOR = YES;
				GCC_WARN_UNINITIALIZED_AUTOS = YES_AGGRESSIVE;
				GCC_WARN_UNUSED_FUNCTION = YES;
				GCC_WARN_UNUSED_VARIABLE = YES;
				IPHONEOS_DEPLOYMENT_TARGET = 9.3;
				MTL_ENABLE_DEBUG_INFO = YES;
				ONLY_ACTIVE_ARCH = YES;
				SDKROOT = iphoneos;
				TARGETED_DEVICE_FAMILY = "1,2";
			};
			name = Debug;
		};
		AA2557E81CD0FF3A0085836C /* Release */ = {
			isa = XCBuildConfiguration;
			buildSettings = {
				ALWAYS_SEARCH_USER_PATHS = NO;
				CLANG_ANALYZER_NONNULL = YES;
				CLANG_CXX_LANGUAGE_STANDARD = "gnu++0x";
				CLANG_CXX_LIBRARY = "libc++";
				CLANG_ENABLE_MODULES = YES;
				CLANG_ENABLE_OBJC_ARC = YES;
				CLANG_WARN_BOOL_CONVERSION = YES;
				CLANG_WARN_CONSTANT_CONVERSION = YES;
				CLANG_WARN_DIRECT_OBJC_ISA_USAGE = YES_ERROR;
				CLANG_WARN_EMPTY_BODY = YES;
				CLANG_WARN_ENUM_CONVERSION = YES;
				CLANG_WARN_INT_CONVERSION = YES;
				CLANG_WARN_OBJC_ROOT_CLASS = YES_ERROR;
				CLANG_WARN_UNREACHABLE_CODE = YES;
				CLANG_WARN__DUPLICATE_METHOD_MATCH = YES;
				"CODE_SIGN_IDENTITY[sdk=iphoneos*]" = "iPhone Developer";
				COPY_PHASE_STRIP = NO;
				DEBUG_INFORMATION_FORMAT = "dwarf-with-dsym";
				ENABLE_NS_ASSERTIONS = NO;
				ENABLE_STRICT_OBJC_MSGSEND = YES;
				GCC_C_LANGUAGE_STANDARD = gnu99;
				GCC_NO_COMMON_BLOCKS = YES;
				GCC_WARN_64_TO_32_BIT_CONVERSION = YES;
				GCC_WARN_ABOUT_RETURN_TYPE = YES_ERROR;
				GCC_WARN_UNDECLARED_SELECTOR = YES;
				GCC_WARN_UNINITIALIZED_AUTOS = YES_AGGRESSIVE;
				GCC_WARN_UNUSED_FUNCTION = YES;
				GCC_WARN_UNUSED_VARIABLE = YES;
				IPHONEOS_DEPLOYMENT_TARGET = 9.3;
				MTL_ENABLE_DEBUG_INFO = NO;
				SDKROOT = iphoneos;
				TARGETED_DEVICE_FAMILY = "1,2";
				VALIDATE_PRODUCT = YES;
			};
			name = Release;
		};
		AA2557EA1CD0FF3A0085836C /* Debug */ = {
			isa = XCBuildConfiguration;
			baseConfigurationReference = C1F34E95972618A100292669 /* Pods.debug.xcconfig */;
			buildSettings = {
				ASSETCATALOG_COMPILER_APPICON_NAME = AppIcon;
				INFOPLIST_FILE = Lesson20/Info.plist;
				IPHONEOS_DEPLOYMENT_TARGET = 8.4;
				LD_RUNPATH_SEARCH_PATHS = "$(inherited) @executable_path/Frameworks";
				PRODUCT_BUNDLE_IDENTIFIER = ru.azatalmeev.Lesson20;
				PRODUCT_NAME = "$(TARGET_NAME)";
			};
			name = Debug;
		};
		AA2557EB1CD0FF3A0085836C /* Release */ = {
			isa = XCBuildConfiguration;
			baseConfigurationReference = 53CD6597CE7DBEE54F5C7F13 /* Pods.release.xcconfig */;
			buildSettings = {
				ASSETCATALOG_COMPILER_APPICON_NAME = AppIcon;
				INFOPLIST_FILE = Lesson20/Info.plist;
				IPHONEOS_DEPLOYMENT_TARGET = 8.4;
				LD_RUNPATH_SEARCH_PATHS = "$(inherited) @executable_path/Frameworks";
				PRODUCT_BUNDLE_IDENTIFIER = ru.azatalmeev.Lesson20;
				PRODUCT_NAME = "$(TARGET_NAME)";
			};
			name = Release;
		};
/* End XCBuildConfiguration section */

/* Begin XCConfigurationList section */
		AA2557CD1CD0FF3A0085836C /* Build configuration list for PBXProject "Lesson20" */ = {
			isa = XCConfigurationList;
			buildConfigurations = (
				AA2557E71CD0FF3A0085836C /* Debug */,
				AA2557E81CD0FF3A0085836C /* Release */,
			);
			defaultConfigurationIsVisible = 0;
			defaultConfigurationName = Release;
		};
		AA2557E91CD0FF3A0085836C /* Build configuration list for PBXNativeTarget "Lesson20" */ = {
			isa = XCConfigurationList;
			buildConfigurations = (
				AA2557EA1CD0FF3A0085836C /* Debug */,
				AA2557EB1CD0FF3A0085836C /* Release */,
			);
			defaultConfigurationIsVisible = 0;
			defaultConfigurationName = Release;
		};
/* End XCConfigurationList section */
	};
	rootObject = AA2557CA1CD0FF3A0085836C /* Project object */;
}
